
Microsoft Visual Studio Solution File, Format Version 12.00
# Visual Studio Version 16
VisualStudioVersion = 16.0.31911.196
MinimumVisualStudioVersion = 10.0.40219.1
Project("{FAE04EC0-301F-11D3-BF4B-00C04F79EFBC}") = "Titanic", "Titanic.csproj", "{F7171CD3-156C-4CDE-9601-8AC12D41312F}"
EndProject
Project("{9A19103F-16F7-4668-BE54-9A1E7A4F7556}") = "TitanicML.Model", "..\TitanicML.Model\TitanicML.Model.csproj", "{43C0CF4A-126D-4920-B132-2214531AD39F}"
EndProject
Project("{9A19103F-16F7-4668-BE54-9A1E7A4F7556}") = "TitanicML.ConsoleApp", "..\TitanicML.ConsoleApp\TitanicML.ConsoleApp.csproj", "{C53290AE-A004-4E21-B56B-D088DA63D50D}"
EndProject
Global
	GlobalSection(SolutionConfigurationPlatforms) = preSolution
		Debug|Any CPU = Debug|Any CPU
		Release|Any CPU = Release|Any CPU
	EndGlobalSection
	GlobalSection(ProjectConfigurationPlatforms) = postSolution
		{F7171CD3-156C-4CDE-9601-8AC12D41312F}.Debug|Any CPU.ActiveCfg = Debug|Any CPU
		{F7171CD3-156C-4CDE-9601-8AC12D41312F}.Debug|Any CPU.Build.0 = Debug|Any CPU
		{F7171CD3-156C-4CDE-9601-8AC12D41312F}.Release|Any CPU.ActiveCfg = Release|Any CPU
		{F7171CD3-156C-4CDE-9601-8AC12D41312F}.Release|Any CPU.Build.0 = Release|Any CPU
		{43C0CF4A-126D-4920-B132-2214531AD39F}.Debug|Any CPU.ActiveCfg = Debug|Any CPU
		{43C0CF4A-126D-4920-B132-2214531AD39F}.Debug|Any CPU.Build.0 = Debug|Any CPU
		{43C0CF4A-126D-4920-B132-2214531AD39F}.Release|Any CPU.ActiveCfg = Release|Any CPU
		{43C0CF4A-126D-4920-B132-2214531AD39F}.Release|Any CPU.Build.0 = Release|Any CPU
		{C53290AE-A004-4E21-B56B-D088DA63D50D}.Debug|Any CPU.ActiveCfg = Debug|Any CPU
		{C53290AE-A004-4E21-B56B-D088DA63D50D}.Debug|Any CPU.Build.0 = Debug|Any CPU
		{C53290AE-A004-4E21-B56B-D088DA63D50D}.Release|Any CPU.ActiveCfg = Release|Any CPU
		{C53290AE-A004-4E21-B56B-D088DA63D50D}.Release|Any CPU.Build.0 = Release|Any CPU
	EndGlobalSection
	GlobalSection(SolutionProperties) = preSolution
		HideSolutionNode = FALSE
	EndGlobalSection
	GlobalSection(ExtensibilityGlobals) = postSolution
		SolutionGuid = {B7126D2B-ABD7-4B3D-BBD6-10E21F730929}
	EndGlobalSection
EndGlobal
